
Microsoft Visual Studio Solution File, Format Version 12.00
# Visual Studio Version 16
VisualStudioVersion = 16.0.32002.261
MinimumVisualStudioVersion = 10.0.40219.1
Project("{FAE04EC0-301F-11D3-BF4B-00C04F79EFBC}") = "RodentMedia", "RodentMedia.csproj", "{7E1039B7-31E4-4A7D-8077-66720D90C8D4}"
EndProject
Global
	GlobalSection(SolutionConfigurationPlatforms) = preSolution
		Debug|Any CPU = Debug|Any CPU
		Release|Any CPU = Release|Any CPU
	EndGlobalSection
	GlobalSection(ProjectConfigurationPlatforms) = postSolution
		{7E1039B7-31E4-4A7D-8077-66720D90C8D4}.Debug|Any CPU.ActiveCfg = Debug|Any CPU
		{7E1039B7-31E4-4A7D-8077-66720D90C8D4}.Debug|Any CPU.Build.0 = Debug|Any CPU
		{7E1039B7-31E4-4A7D-8077-66720D90C8D4}.Release|Any CPU.ActiveCfg = Release|Any CPU
		{7E1039B7-31E4-4A7D-8077-66720D90C8D4}.Release|Any CPU.Build.0 = Release|Any CPU
	EndGlobalSection
	GlobalSection(SolutionProperties) = preSolution
		HideSolutionNode = FALSE
	EndGlobalSection
	GlobalSection(ExtensibilityGlobals) = postSolution
		SolutionGuid = {C25A81D0-7013-413F-A3ED-C8F6FF630247}
	EndGlobalSection
EndGlobal
